
Microsoft Visual Studio Solution File, Format Version 12.00
# Visual Studio Version 16
VisualStudioVersion = 16.0.36227.6
MinimumVisualStudioVersion = 10.0.40219.1
Project("{FAE04EC0-301F-11D3-BF4B-00C04F79EFBC}") = "DemoAddonsDisplayFileExcel", "DemoAddonsDisplayFileExcel\DemoAddonsDisplayFileExcel.csproj", "{21FA5B77-D119-4306-A583-03FF718F0370}"
EndProject
Global
	GlobalSection(SolutionConfigurationPlatforms) = preSolution
		Debug|Any CPU = Debug|Any CPU
		Release|Any CPU = Release|Any CPU
	EndGlobalSection
	GlobalSection(ProjectConfigurationPlatforms) = postSolution
		{21FA5B77-D119-4306-A583-03FF718F0370}.Debug|Any CPU.ActiveCfg = Debug|Any CPU
		{21FA5B77-D119-4306-A583-03FF718F0370}.Debug|Any CPU.Build.0 = Debug|Any CPU
		{21FA5B77-D119-4306-A583-03FF718F0370}.Release|Any CPU.ActiveCfg = Release|Any CPU
		{21FA5B77-D119-4306-A583-03FF718F0370}.Release|Any CPU.Build.0 = Release|Any CPU
	EndGlobalSection
	GlobalSection(SolutionProperties) = preSolution
		HideSolutionNode = FALSE
	EndGlobalSection
	GlobalSection(ExtensibilityGlobals) = postSolution
		SolutionGuid = {DBEFEC5E-5044-45D6-8925-85AC0835B3F3}
	EndGlobalSection
EndGlobal
